<?xml version="1.0" encoding="utf-8"?>
<Project ToolsVersion="4.0" xmlns="http://schemas.microsoft.com/developer/msbuild/2003">
  <ItemGroup>
    <Filter Include="Source Files">
      <UniqueIdentifier>{4FC737F1-C7A5-4376-A066-2A32D752A2FF}</UniqueIdentifier>
      <Extensions>cpp;c;cc;cxx;def;odl;idl;hpj;bat;asm;asmx</Extensions>
    </Filter>
    <Filter Include="Header Files">
      <UniqueIdentifier>{93995380-89BD-4b04-88EB-625FBE52EBFB}</UniqueIdentifier>
      <Extensions>h;hh;hpp;hxx;hm;inl;inc;xsd</Extensions>
    </Filter>
    <Filter Include="Resource Files">
      <UniqueIdentifier>{67DA6AB6-F800-4c08-8B7A-83BB121AAD01}</UniqueIdentifier>
      <Extensions>rc;ico;cur;bmp;dlg;rc2;rct;bin;rgs;gif;jpg;jpeg;jpe;resx;tiff;tif;png;wav</Extensions>
    </Filter>
  </ItemGroup>
  <ItemGroup>
    <ClCompile Include="AccelerationSimulation.cpp">
      <Filter>Source Files</Filter>
    </ClCompile>
    <ClCompile Include="AerodynamicsDepartment.cpp">
      <Filter>Source Files</Filter>
    </ClCompile>
    <ClCompile Include="AggressiveDriving.cpp">
      <Filter>Source Files</Filter>
    </ClCompile>
    <ClCompile Include="Art.cpp">
      <Filter>Source Files</Filter>
    </ClCompile>
    <ClCompile Include="Body.cpp">
      <Filter>Source Files</Filter>
    </ClCompile>
    <ClCompile Include="BodyFactory.cpp">
      <Filter>Source Files</Filter>
    </ClCompile>
    <ClCompile Include="Brakes.cpp">
      <Filter>Source Files</Filter>
    </ClCompile>
    <ClCompile Include="BrakesFactory.cpp">
      <Filter>Source Files</Filter>
    </ClCompile>
    <ClCompile Include="Budget.cpp">
      <Filter>Source Files</Filter>
    </ClCompile>
    <ClCompile Include="Car.cpp">
      <Filter>Source Files</Filter>
    </ClCompile>
    <ClCompile Include="CarBuilder.cpp">
      <Filter>Source Files</Filter>
    </ClCompile>
    <ClCompile Include="CarComponenets.cpp">
      <Filter>Source Files</Filter>
    </ClCompile>
    <ClCompile Include="CarComposite.cpp">
      <Filter>Source Files</Filter>
    </ClCompile>
    <ClCompile Include="CarMemento.cpp">
      <Filter>Source Files</Filter>
    </ClCompile>
    <ClCompile Include="CarPart.cpp">
      <Filter>Source Files</Filter>
    </ClCompile>
    <ClCompile Include="CarPartFactory.cpp">
      <Filter>Source Files</Filter>
    </ClCompile>
    <ClCompile Include="CarStop.cpp">
      <Filter>Source Files</Filter>
    </ClCompile>
    <ClCompile Include="CarTransport.cpp">
      <Filter>Source Files</Filter>
    </ClCompile>
    <ClCompile Include="CateringEquipment.cpp">
      <Filter>Source Files</Filter>
    </ClCompile>
    <ClCompile Include="CautiousDriving.cpp">
      <Filter>Source Files</Filter>
    </ClCompile>
    <ClCompile Include="Chassis.cpp">
      <Filter>Source Files</Filter>
    </ClCompile>
    <ClCompile Include="ChassisDepartment.cpp">
      <Filter>Source Files</Filter>
    </ClCompile>
    <ClCompile Include="ChassisFactory.cpp">
      <Filter>Source Files</Filter>
    </ClCompile>
    <ClCompile Include="Circuit.cpp">
      <Filter>Source Files</Filter>
    </ClCompile>
    <ClCompile Include="CompositeRoad.cpp">
      <Filter>Source Files</Filter>
    </ClCompile>
    <ClCompile Include="Container.cpp">
      <Filter>Source Files</Filter>
    </ClCompile>
    <ClCompile Include="ControlledDriving.cpp">
      <Filter>Source Files</Filter>
    </ClCompile>
    <ClCompile Include="CoolingFactory.cpp">
      <Filter>Source Files</Filter>
    </ClCompile>
    <ClCompile Include="CoolingSystem.cpp">
      <Filter>Source Files</Filter>
    </ClCompile>
    <ClCompile Include="Driver.cpp">
      <Filter>Source Files</Filter>
    </ClCompile>
    <ClCompile Include="DriverStrategy.cpp">
      <Filter>Source Files</Filter>
    </ClCompile>
    <ClCompile Include="ElectronicFactory.cpp">
      <Filter>Source Files</Filter>
    </ClCompile>
    <ClCompile Include="Electronics.cpp">
      <Filter>Source Files</Filter>
    </ClCompile>
    <ClCompile Include="ElectronicsDepartment.cpp">
      <Filter>Source Files</Filter>
    </ClCompile>
    <ClCompile Include="Engine.cpp">
      <Filter>Source Files</Filter>
    </ClCompile>
    <ClCompile Include="EngineDepartment.cpp">
      <Filter>Source Files</Filter>
    </ClCompile>
    <ClCompile Include="EngineeringCrew.cpp">
      <Filter>Source Files</Filter>
    </ClCompile>
    <ClCompile Include="EngineeringDepartment.cpp">
      <Filter>Source Files</Filter>
    </ClCompile>
    <ClCompile Include="EngineFactory.cpp">
      <Filter>Source Files</Filter>
    </ClCompile>
    <ClCompile Include="GarageEquipment.cpp">
      <Filter>Source Files</Filter>
    </ClCompile>
    <ClCompile Include="GrandPrix.cpp">
      <Filter>Source Files</Filter>
    </ClCompile>
    <ClCompile Include="GrandPrixResult.cpp">
      <Filter>Source Files</Filter>
    </ClCompile>
    <ClCompile Include="HandlingSimulation.cpp">
      <Filter>Source Files</Filter>
    </ClCompile>
    <ClCompile Include="Hard.cpp">
      <Filter>Source Files</Filter>
    </ClCompile>
    <ClCompile Include="Iterator.cpp">
      <Filter>Source Files</Filter>
    </ClCompile>
    <ClCompile Include="LapResult.cpp">
      <Filter>Source Files</Filter>
    </ClCompile>
    <ClCompile Include="logistics.cpp">
      <Filter>Source Files</Filter>
    </ClCompile>
    <ClCompile Include="LogisticsStrategy.cpp">
      <Filter>Source Files</Filter>
    </ClCompile>
    <ClCompile Include="Medium.cpp">
      <Filter>Source Files</Filter>
    </ClCompile>
    <ClCompile Include="OfficialRaceSubject.cpp">
      <Filter>Source Files</Filter>
    </ClCompile>
    <ClCompile Include="OfficialState.cpp">
      <Filter>Source Files</Filter>
    </ClCompile>
    <ClCompile Include="PartReplacer.cpp">
      <Filter>Source Files</Filter>
    </ClCompile>
    <ClCompile Include="PitCrew.cpp">
      <Filter>Source Files</Filter>
    </ClCompile>
    <ClCompile Include="PitStop.cpp">
      <Filter>Source Files</Filter>
    </ClCompile>
    <ClCompile Include="PitStopStrategy.cpp">
      <Filter>Source Files</Filter>
    </ClCompile>
    <ClCompile Include="PracticeState.cpp">
      <Filter>Source Files</Filter>
    </ClCompile>
    <ClCompile Include="QualifyingRaceSubject.cpp">
      <Filter>Source Files</Filter>
    </ClCompile>
    <ClCompile Include="QualifyingState.cpp">
      <Filter>Source Files</Filter>
    </ClCompile>
    <ClCompile Include="Race.cpp">
      <Filter>Source Files</Filter>
    </ClCompile>
    <ClCompile Include="RaceResult.cpp">
      <Filter>Source Files</Filter>
    </ClCompile>
    <ClCompile Include="RaceSeason.cpp">
      <Filter>Source Files</Filter>
    </ClCompile>
    <ClCompile Include="RaceSeasonResult.cpp">
      <Filter>Source Files</Filter>
    </ClCompile>
    <ClCompile Include="RaceState.cpp">
      <Filter>Source Files</Filter>
    </ClCompile>
    <ClCompile Include="RaceStrategy.cpp">
      <Filter>Source Files</Filter>
    </ClCompile>
    <ClCompile Include="RaceSubject.cpp">
      <Filter>Source Files</Filter>
    </ClCompile>
    <ClCompile Include="RaceTeam.cpp">
      <Filter>Source Files</Filter>
    </ClCompile>
    <ClCompile Include="RaceTrack.cpp">
      <Filter>Source Files</Filter>
    </ClCompile>
    <ClCompile Include="Result.cpp">
      <Filter>Source Files</Filter>
    </ClCompile>
    <ClCompile Include="Road.cpp">
      <Filter>Source Files</Filter>
    </ClCompile>
    <ClCompile Include="RoadIterator.cpp">
      <Filter>Source Files</Filter>
    </ClCompile>
    <ClCompile Include="SeasonSubject.cpp">
      <Filter>Source Files</Filter>
    </ClCompile>
    <ClCompile Include="Simulation.cpp">
      <Filter>Source Files</Filter>
    </ClCompile>
    <ClCompile Include="Soft.cpp">
      <Filter>Source Files</Filter>
    </ClCompile>
    <ClCompile Include="SpeedSimulation.cpp">
      <Filter>Source Files</Filter>
    </ClCompile>
    <ClCompile Include="SteeringFactory.cpp">
      <Filter>Source Files</Filter>
    </ClCompile>
    <ClCompile Include="SteeringWheel.cpp">
      <Filter>Source Files</Filter>
    </ClCompile>
    <ClCompile Include="Strategies.cpp">
      <Filter>Source Files</Filter>
    </ClCompile>
    <ClCompile Include="Subject.cpp">
      <Filter>Source Files</Filter>
    </ClCompile>
    <ClCompile Include="Suspension.cpp">
      <Filter>Source Files</Filter>
    </ClCompile>
    <ClCompile Include="SuspensionFactory.cpp">
      <Filter>Source Files</Filter>
    </ClCompile>
    <ClCompile Include="Transmission.cpp">
      <Filter>Source Files</Filter>
    </ClCompile>
    <ClCompile Include="TransmissionFactory.cpp">
      <Filter>Source Files</Filter>
    </ClCompile>
    <ClCompile Include="Tyre.cpp">
      <Filter>Source Files</Filter>
    </ClCompile>
    <ClCompile Include="TyreChanger.cpp">
      <Filter>Source Files</Filter>
    </ClCompile>
    <ClCompile Include="TyreStrategy.cpp">
      <Filter>Source Files</Filter>
    </ClCompile>
    <ClCompile Include="WindTunnel.cpp">
      <Filter>Source Files</Filter>
    </ClCompile>
    <ClCompile Include="utilities\Logger.cpp">
      <Filter>Source Files</Filter>
    </ClCompile>
    <ClCompile Include="Main.cpp">
      <Filter>Source Files</Filter>
    </ClCompile>
    <ClCompile Include="PartState.cpp">
      <Filter>Source Files</Filter>
    </ClCompile>
  </ItemGroup>
  <ItemGroup>
    <ClInclude Include="AccelerationSimulation.h">
      <Filter>Header Files</Filter>
    </ClInclude>
    <ClInclude Include="AerodynamicsDepartment.h">
      <Filter>Header Files</Filter>
    </ClInclude>
    <ClInclude Include="AggressiveDriving.h">
      <Filter>Header Files</Filter>
    </ClInclude>
    <ClInclude Include="Art.h">
      <Filter>Header Files</Filter>
    </ClInclude>
    <ClInclude Include="Body.h">
      <Filter>Header Files</Filter>
    </ClInclude>
    <ClInclude Include="BodyFactory.h">
      <Filter>Header Files</Filter>
    </ClInclude>
    <ClInclude Include="Brakes.h">
      <Filter>Header Files</Filter>
    </ClInclude>
    <ClInclude Include="BrakesFactory.h">
      <Filter>Header Files</Filter>
    </ClInclude>
    <ClInclude Include="Budget.h">
      <Filter>Header Files</Filter>
    </ClInclude>
    <ClInclude Include="Car.h">
      <Filter>Header Files</Filter>
    </ClInclude>
    <ClInclude Include="CarBuilder.h">
      <Filter>Header Files</Filter>
    </ClInclude>
    <ClInclude Include="CarComponenets.h">
      <Filter>Header Files</Filter>
    </ClInclude>
    <ClInclude Include="CarComposite.h">
      <Filter>Header Files</Filter>
    </ClInclude>
    <ClInclude Include="CarMemento.h">
      <Filter>Header Files</Filter>
    </ClInclude>
    <ClInclude Include="CarPart.h">
      <Filter>Header Files</Filter>
    </ClInclude>
    <ClInclude Include="CarPartFactory.h">
      <Filter>Header Files</Filter>
    </ClInclude>
    <ClInclude Include="CarStop.h">
      <Filter>Header Files</Filter>
    </ClInclude>
    <ClInclude Include="CarTransport.h">
      <Filter>Header Files</Filter>
    </ClInclude>
    <ClInclude Include="CateringEquipment.h">
      <Filter>Header Files</Filter>
    </ClInclude>
    <ClInclude Include="CautiousDriving.h">
      <Filter>Header Files</Filter>
    </ClInclude>
    <ClInclude Include="Chassis.h">
      <Filter>Header Files</Filter>
    </ClInclude>
    <ClInclude Include="ChassisDepartment.h">
      <Filter>Header Files</Filter>
    </ClInclude>
    <ClInclude Include="ChassisFactory.h">
      <Filter>Header Files</Filter>
    </ClInclude>
    <ClInclude Include="Circuit.h">
      <Filter>Header Files</Filter>
    </ClInclude>
    <ClInclude Include="CompositeRoad.h">
      <Filter>Header Files</Filter>
    </ClInclude>
    <ClInclude Include="Container.h">
      <Filter>Header Files</Filter>
    </ClInclude>
    <ClInclude Include="ControlledDriving.h">
      <Filter>Header Files</Filter>
    </ClInclude>
    <ClInclude Include="CoolingFactory.h">
      <Filter>Header Files</Filter>
    </ClInclude>
    <ClInclude Include="CoolingSystem.h">
      <Filter>Header Files</Filter>
    </ClInclude>
    <ClInclude Include="Driver.h">
      <Filter>Header Files</Filter>
    </ClInclude>
    <ClInclude Include="DriverStrategy.h">
      <Filter>Header Files</Filter>
    </ClInclude>
    <ClInclude Include="ElectronicFactory.h">
      <Filter>Header Files</Filter>
    </ClInclude>
    <ClInclude Include="Electronics.h">
      <Filter>Header Files</Filter>
    </ClInclude>
    <ClInclude Include="ElectronicsDepartment.h">
      <Filter>Header Files</Filter>
    </ClInclude>
    <ClInclude Include="Engine.h">
      <Filter>Header Files</Filter>
    </ClInclude>
    <ClInclude Include="EngineDepartment.h">
      <Filter>Header Files</Filter>
    </ClInclude>
    <ClInclude Include="EngineeringCrew.h">
      <Filter>Header Files</Filter>
    </ClInclude>
    <ClInclude Include="EngineeringDepartment.h">
      <Filter>Header Files</Filter>
    </ClInclude>
    <ClInclude Include="EngineFactory.h">
      <Filter>Header Files</Filter>
    </ClInclude>
    <ClInclude Include="GarageEquipment.h">
      <Filter>Header Files</Filter>
    </ClInclude>
    <ClInclude Include="GrandPrix.h">
      <Filter>Header Files</Filter>
    </ClInclude>
    <ClInclude Include="GrandPrixResult.h">
      <Filter>Header Files</Filter>
    </ClInclude>
    <ClInclude Include="HandlingSimulation.h">
      <Filter>Header Files</Filter>
    </ClInclude>
    <ClInclude Include="Hard.h">
      <Filter>Header Files</Filter>
    </ClInclude>
    <ClInclude Include="Iterator.h">
      <Filter>Header Files</Filter>
    </ClInclude>
    <ClInclude Include="LapResult.h">
      <Filter>Header Files</Filter>
    </ClInclude>
    <ClInclude Include="logistics.h">
      <Filter>Header Files</Filter>
    </ClInclude>
    <ClInclude Include="LogisticsStrategy.h">
      <Filter>Header Files</Filter>
    </ClInclude>
    <ClInclude Include="Medium.h">
      <Filter>Header Files</Filter>
    </ClInclude>
    <ClInclude Include="OfficialRaceSubject.h">
      <Filter>Header Files</Filter>
    </ClInclude>
    <ClInclude Include="OfficialState.h">
      <Filter>Header Files</Filter>
    </ClInclude>
    <ClInclude Include="PartReplacer.h">
      <Filter>Header Files</Filter>
    </ClInclude>
    <ClInclude Include="PitCrew.h">
      <Filter>Header Files</Filter>
    </ClInclude>
    <ClInclude Include="PitStop.h">
      <Filter>Header Files</Filter>
    </ClInclude>
    <ClInclude Include="PitStopStrategy.h">
      <Filter>Header Files</Filter>
    </ClInclude>
    <ClInclude Include="PracticeState.h">
      <Filter>Header Files</Filter>
    </ClInclude>
    <ClInclude Include="QualifyingRaceSubject.h">
      <Filter>Header Files</Filter>
    </ClInclude>
    <ClInclude Include="QualifyingState.h">
      <Filter>Header Files</Filter>
    </ClInclude>
    <ClInclude Include="Race.h">
      <Filter>Header Files</Filter>
    </ClInclude>
    <ClInclude Include="RaceResult.h">
      <Filter>Header Files</Filter>
    </ClInclude>
    <ClInclude Include="RaceSeason.h">
      <Filter>Header Files</Filter>
    </ClInclude>
    <ClInclude Include="RaceSeasonResult.h">
      <Filter>Header Files</Filter>
    </ClInclude>
    <ClInclude Include="RaceState.h">
      <Filter>Header Files</Filter>
    </ClInclude>
    <ClInclude Include="RaceStrategy.h">
      <Filter>Header Files</Filter>
    </ClInclude>
    <ClInclude Include="RaceSubject.h">
      <Filter>Header Files</Filter>
    </ClInclude>
    <ClInclude Include="RaceTeam.h">
      <Filter>Header Files</Filter>
    </ClInclude>
    <ClInclude Include="RaceTrack.h">
      <Filter>Header Files</Filter>
    </ClInclude>
    <ClInclude Include="Result.h">
      <Filter>Header Files</Filter>
    </ClInclude>
    <ClInclude Include="Road.h">
      <Filter>Header Files</Filter>
    </ClInclude>
    <ClInclude Include="RoadIterator.h">
      <Filter>Header Files</Filter>
    </ClInclude>
    <ClInclude Include="SeasonSubject.h">
      <Filter>Header Files</Filter>
    </ClInclude>
    <ClInclude Include="Simulation.h">
      <Filter>Header Files</Filter>
    </ClInclude>
    <ClInclude Include="Soft.h">
      <Filter>Header Files</Filter>
    </ClInclude>
    <ClInclude Include="SpeedSimulation.h">
      <Filter>Header Files</Filter>
    </ClInclude>
    <ClInclude Include="SteeringFactory.h">
      <Filter>Header Files</Filter>
    </ClInclude>
    <ClInclude Include="SteeringWheel.h">
      <Filter>Header Files</Filter>
    </ClInclude>
    <ClInclude Include="Strategies.h">
      <Filter>Header Files</Filter>
    </ClInclude>
    <ClInclude Include="Subject.h">
      <Filter>Header Files</Filter>
    </ClInclude>
    <ClInclude Include="Suspension.h">
      <Filter>Header Files</Filter>
    </ClInclude>
    <ClInclude Include="SuspensionFactory.h">
      <Filter>Header Files</Filter>
    </ClInclude>
    <ClInclude Include="Transmission.h">
      <Filter>Header Files</Filter>
    </ClInclude>
    <ClInclude Include="TransmissionFactory.h">
      <Filter>Header Files</Filter>
    </ClInclude>
    <ClInclude Include="Tyre.h">
      <Filter>Header Files</Filter>
    </ClInclude>
    <ClInclude Include="TyreChanger.h">
      <Filter>Header Files</Filter>
    </ClInclude>
    <ClInclude Include="TyreStrategy.h">
      <Filter>Header Files</Filter>
    </ClInclude>
    <ClInclude Include="WindTunnel.h">
      <Filter>Header Files</Filter>
    </ClInclude>
    <ClInclude Include="utilities\Logger.h">
      <Filter>Header Files</Filter>
    </ClInclude>
    <ClInclude Include="PartState.h">
      <Filter>Header Files</Filter>
    </ClInclude>
  </ItemGroup>
</Project>